
Microsoft Visual Studio Solution File, Format Version 12.00
# Visual Studio Version 16
VisualStudioVersion = 16.0.31702.278
MinimumVisualStudioVersion = 10.0.40219.1
Project("{9A19103F-16F7-4668-BE54-9A1E7A4F7556}") = "CarriesCars.Console", "src\CarriesCars.Console\CarriesCars.Console.csproj", "{49281270-55E6-4E85-86DF-B8DE3B7E177E}"
EndProject
Project("{9A19103F-16F7-4668-BE54-9A1E7A4F7556}") = "CarriesCars.Domain", "src\CarriesCars.Domain\CarriesCars.Domain.csproj", "{4C930F3C-D184-4DC0-826E-32D7E5DE5050}"
EndProject
Project("{FAE04EC0-301F-11D3-BF4B-00C04F79EFBC}") = "CarriesCar.Domain.Tests", "test\CarriesCar.Domain.Tests\CarriesCar.Domain.Tests.csproj", "{1CFB2F13-DACB-4A78-8BDC-80C96EC309F8}"
EndProject
Project("{2150E333-8FDC-42A3-9474-1A3956D46DE8}") = "Solution Items", "Solution Items", "{2979E9A6-C2FF-46A8-A706-402CB6D2A4D7}"
	ProjectSection(SolutionItems) = preProject
		.editorconfig = .editorconfig
		.gitignore = .gitignore
		README.md = README.md
	EndProjectSection
EndProject
Global
	GlobalSection(SolutionConfigurationPlatforms) = preSolution
		Debug|Any CPU = Debug|Any CPU
		Release|Any CPU = Release|Any CPU
	EndGlobalSection
	GlobalSection(ProjectConfigurationPlatforms) = postSolution
		{49281270-55E6-4E85-86DF-B8DE3B7E177E}.Debug|Any CPU.ActiveCfg = Debug|Any CPU
		{49281270-55E6-4E85-86DF-B8DE3B7E177E}.Debug|Any CPU.Build.0 = Debug|Any CPU
		{49281270-55E6-4E85-86DF-B8DE3B7E177E}.Release|Any CPU.ActiveCfg = Release|Any CPU
		{49281270-55E6-4E85-86DF-B8DE3B7E177E}.Release|Any CPU.Build.0 = Release|Any CPU
		{4C930F3C-D184-4DC0-826E-32D7E5DE5050}.Debug|Any CPU.ActiveCfg = Debug|Any CPU
		{4C930F3C-D184-4DC0-826E-32D7E5DE5050}.Debug|Any CPU.Build.0 = Debug|Any CPU
		{4C930F3C-D184-4DC0-826E-32D7E5DE5050}.Release|Any CPU.ActiveCfg = Release|Any CPU
		{4C930F3C-D184-4DC0-826E-32D7E5DE5050}.Release|Any CPU.Build.0 = Release|Any CPU
		{1CFB2F13-DACB-4A78-8BDC-80C96EC309F8}.Debug|Any CPU.ActiveCfg = Debug|Any CPU
		{1CFB2F13-DACB-4A78-8BDC-80C96EC309F8}.Debug|Any CPU.Build.0 = Debug|Any CPU
		{1CFB2F13-DACB-4A78-8BDC-80C96EC309F8}.Release|Any CPU.ActiveCfg = Release|Any CPU
		{1CFB2F13-DACB-4A78-8BDC-80C96EC309F8}.Release|Any CPU.Build.0 = Release|Any CPU
	EndGlobalSection
	GlobalSection(SolutionProperties) = preSolution
		HideSolutionNode = FALSE
	EndGlobalSection
	GlobalSection(ExtensibilityGlobals) = postSolution
		SolutionGuid = {B20EDC42-1059-4FFD-A069-D1509C4E6A78}
	EndGlobalSection
EndGlobal
